
Microsoft Visual Studio Solution File, Format Version 12.00
# Visual Studio Version 16
VisualStudioVersion = 25.0.1706.1
MinimumVisualStudioVersion = 10.0.40219.1
Project("{FAE04EC0-301F-11D3-BF4B-00C04F79EFBC}") = "LanguageFeatures", "LanguageFeatures.csproj", "{43A87EDB-D712-4196-942D-D8D31CCAEC6F}"
EndProject
Project("{FAE04EC0-301F-11D3-BF4B-00C04F79EFBC}") = "Product.Tests", "Product.Tests\Product.Tests.csproj", "{8F255EAE-7D9F-472E-A979-6DEC77C54D52}"
EndProject
Global
	GlobalSection(SolutionConfigurationPlatforms) = preSolution
		Debug|Any CPU = Debug|Any CPU
		Release|Any CPU = Release|Any CPU
	EndGlobalSection
	GlobalSection(ProjectConfigurationPlatforms) = postSolution
		{43A87EDB-D712-4196-942D-D8D31CCAEC6F}.Debug|Any CPU.ActiveCfg = Debug|Any CPU
		{43A87EDB-D712-4196-942D-D8D31CCAEC6F}.Debug|Any CPU.Build.0 = Debug|Any CPU
		{43A87EDB-D712-4196-942D-D8D31CCAEC6F}.Release|Any CPU.ActiveCfg = Release|Any CPU
		{43A87EDB-D712-4196-942D-D8D31CCAEC6F}.Release|Any CPU.Build.0 = Release|Any CPU
		{8F255EAE-7D9F-472E-A979-6DEC77C54D52}.Debug|Any CPU.ActiveCfg = Debug|Any CPU
		{8F255EAE-7D9F-472E-A979-6DEC77C54D52}.Debug|Any CPU.Build.0 = Debug|Any CPU
		{8F255EAE-7D9F-472E-A979-6DEC77C54D52}.Release|Any CPU.ActiveCfg = Release|Any CPU
		{8F255EAE-7D9F-472E-A979-6DEC77C54D52}.Release|Any CPU.Build.0 = Release|Any CPU
	EndGlobalSection
	GlobalSection(SolutionProperties) = preSolution
		HideSolutionNode = FALSE
	EndGlobalSection
	GlobalSection(ExtensibilityGlobals) = postSolution
		SolutionGuid = {35290A70-0573-4804-BA74-2FF1B2F13EBA}
	EndGlobalSection
EndGlobal
